{
  "requires": true,
  "lockfileVersion": 1,
  "dependencies": {
    "vue-select": {
      "version": "3.11.2",
      "resolved": "https://registry.npmjs.org/vue-select/-/vue-select-3.11.2.tgz",
      "integrity": "sha512-pIOcY8ajWNSwg8Ns4eHVr5ZWwqKCSZeQRymTnlUI8i+3QiQXF6JIM4lylK6mVfbccs4S6vOyxB7zmJBpp7tDUg=="
    }
  }
}
